# This file was autogenerated by Stack.
# You should not edit this file by hand.
# For more information, please see the documentation at:
#   https://docs.haskellstack.org/en/stable/lock_files

packages:
- completed:
    hackage: asciichart-1.0.1@sha256:6edecc20684aa434b098a719f8de416ae993ecfddc96606f96f70f0416aba474,1575
    pantry-tree:
      size: 371
      sha256: 13c3a322fba26808e7ec1d70c978558df5cdc2a7db55521c4600ad1aaa96679c
  original:
    hackage: asciichart-1.0.1@sha256:6edecc20684aa434b098a719f8de416ae993ecfddc96606f96f70f0416aba474,1575
snapshots:
- completed:
    size: 532379
    url: https://raw.githubusercontent.com/commercialhaskell/stackage-snapshots/master/lts/16/8.yaml
    sha256: 2ad3210d2ad35f3176005d68369a18e4d984517bfaa2caade76f28ed0b2e0521
  original: lts-16.8
